
Microsoft Visual Studio Solution File, Format Version 12.00
# Visual Studio Version 17
VisualStudioVersion = 17.0.31903.59
MinimumVisualStudioVersion = 10.0.40219.1
Project("{2150E333-8FDC-42A3-9474-1A3956D46DE8}") = "src", "src", "{827E0CD3-B72D-47B6-A68D-7590B98EB39B}"
EndProject
Project("{2150E333-8FDC-42A3-9474-1A3956D46DE8}") = "MigrationTool", "MigrationTool", "{3234B5CC-24AC-9941-CF06-C7763E3EA7D2}"
EndProject
Project("{FAE04EC0-301F-11D3-BF4B-00C04F79EFBC}") = "MigrationTool.Core.Abstractions", "src\MigrationTool\MigrationTool.Core.Abstractions\MigrationTool.Core.Abstractions.csproj", "{FAA44D37-3BEC-46E6-A4F5-691A7141D8F8}"
EndProject
Project("{FAE04EC0-301F-11D3-BF4B-00C04F79EFBC}") = "MigrationTool.Core", "src\MigrationTool\MigrationTool.Core\MigrationTool.Core.csproj", "{B28BCAF2-67E2-43C7-923B-9FAF68996B48}"
EndProject
Project("{FAE04EC0-301F-11D3-BF4B-00C04F79EFBC}") = "MigrationTool.Localization", "src\MigrationTool\MigrationTool.Localization\MigrationTool.Localization.csproj", "{882A61C1-7A1A-4B8B-BC45-145527E5E7A9}"
EndProject
Project("{FAE04EC0-301F-11D3-BF4B-00C04F79EFBC}") = "MigrationTool.Maui", "src\MigrationTool\MigrationTool.Maui\MigrationTool.Maui.csproj", "{3437D547-2290-4F6F-9413-B2DC186ECFCB}"
EndProject
Project("{FAE04EC0-301F-11D3-BF4B-00C04F79EFBC}") = "MigrationTool.Blazor.Server", "src\MigrationTool\MigrationTool.Blazor.Server\MigrationTool.Blazor.Server.csproj", "{C3D4E5F6-A7B8-9012-CDEF-123456789012}"
EndProject
Project("{2150E333-8FDC-42A3-9474-1A3956D46DE8}") = "tests", "tests", "{0AB3BF05-4346-4AA6-1389-037BE0695223}"
EndProject
Project("{2150E333-8FDC-42A3-9474-1A3956D46DE8}") = "MigrationTool", "MigrationTool", "{EA74A2B9-3D2D-E69E-8C34-9424D0300F9E}"
EndProject
Project("{FAE04EC0-301F-11D3-BF4B-00C04F79EFBC}") = "MigrationTool.Core.Tests", "tests\MigrationTool\MigrationTool.Core.Tests\MigrationTool.Core.Tests.csproj", "{EFCAEACD-90B0-4A33-85D4-6DED28D5EBC4}"
EndProject
Project("{FAE04EC0-301F-11D3-BF4B-00C04F79EFBC}") = "MigrationTool.Maui.Tests", "tests\MigrationTool\MigrationTool.Maui.Tests\MigrationTool.Maui.Tests.csproj", "{A1B2C3D4-E5F6-7890-ABCD-EF1234567890}"
EndProject
Project("{FAE04EC0-301F-11D3-BF4B-00C04F79EFBC}") = "MigrationTool.Tests.Infrastructure", "tests\MigrationTool\MigrationTool.Tests.Infrastructure\MigrationTool.Tests.Infrastructure.csproj", "{B2C3D4E5-F6A7-8901-BCDE-F12345678901}"
EndProject
Project("{FAE04EC0-301F-11D3-BF4B-00C04F79EFBC}") = "MigrationTool.Blazor.Server.Tests", "tests\MigrationTool\MigrationTool.Blazor.Server.Tests\MigrationTool.Blazor.Server.Tests.csproj", "{D4E5F6A7-B8C9-0123-DEF4-234567890123}"
EndProject
Project("{FAE04EC0-301F-11D3-BF4B-00C04F79EFBC}") = "MigrationTool.Cli", "src\MigrationTool\MigrationTool.Cli\MigrationTool.Cli.csproj", "{7E4C5199-1AE0-42BF-A7E1-39EE2CE296B5}"
EndProject
Project("{FAE04EC0-301F-11D3-BF4B-00C04F79EFBC}") = "MigrationTool.Cli.Tests", "tests\MigrationTool\MigrationTool.Cli.Tests\MigrationTool.Cli.Tests.csproj", "{CE5ABA6D-A5F1-4F0D-A6EC-122F27F22343}"
EndProject
Global
	GlobalSection(SolutionConfigurationPlatforms) = preSolution
		Debug|Any CPU = Debug|Any CPU
		Debug|x64 = Debug|x64
		Debug|x86 = Debug|x86
		Release|Any CPU = Release|Any CPU
		Release|x64 = Release|x64
		Release|x86 = Release|x86
	EndGlobalSection
	GlobalSection(ProjectConfigurationPlatforms) = postSolution
		{FAA44D37-3BEC-46E6-A4F5-691A7141D8F8}.Debug|Any CPU.ActiveCfg = Debug|Any CPU
		{FAA44D37-3BEC-46E6-A4F5-691A7141D8F8}.Debug|Any CPU.Build.0 = Debug|Any CPU
		{FAA44D37-3BEC-46E6-A4F5-691A7141D8F8}.Debug|x64.ActiveCfg = Debug|Any CPU
		{FAA44D37-3BEC-46E6-A4F5-691A7141D8F8}.Debug|x64.Build.0 = Debug|Any CPU
		{FAA44D37-3BEC-46E6-A4F5-691A7141D8F8}.Debug|x86.ActiveCfg = Debug|Any CPU
		{FAA44D37-3BEC-46E6-A4F5-691A7141D8F8}.Debug|x86.Build.0 = Debug|Any CPU
		{FAA44D37-3BEC-46E6-A4F5-691A7141D8F8}.Release|Any CPU.ActiveCfg = Release|Any CPU
		{FAA44D37-3BEC-46E6-A4F5-691A7141D8F8}.Release|Any CPU.Build.0 = Release|Any CPU
		{FAA44D37-3BEC-46E6-A4F5-691A7141D8F8}.Release|x64.ActiveCfg = Release|Any CPU
		{FAA44D37-3BEC-46E6-A4F5-691A7141D8F8}.Release|x64.Build.0 = Release|Any CPU
		{FAA44D37-3BEC-46E6-A4F5-691A7141D8F8}.Release|x86.ActiveCfg = Release|Any CPU
		{FAA44D37-3BEC-46E6-A4F5-691A7141D8F8}.Release|x86.Build.0 = Release|Any CPU
		{B28BCAF2-67E2-43C7-923B-9FAF68996B48}.Debug|Any CPU.ActiveCfg = Debug|Any CPU
		{B28BCAF2-67E2-43C7-923B-9FAF68996B48}.Debug|Any CPU.Build.0 = Debug|Any CPU
		{B28BCAF2-67E2-43C7-923B-9FAF68996B48}.Debug|x64.ActiveCfg = Debug|Any CPU
		{B28BCAF2-67E2-43C7-923B-9FAF68996B48}.Debug|x64.Build.0 = Debug|Any CPU
		{B28BCAF2-67E2-43C7-923B-9FAF68996B48}.Debug|x86.ActiveCfg = Debug|Any CPU
		{B28BCAF2-67E2-43C7-923B-9FAF68996B48}.Debug|x86.Build.0 = Debug|Any CPU
		{B28BCAF2-67E2-43C7-923B-9FAF68996B48}.Release|Any CPU.ActiveCfg = Release|Any CPU
		{B28BCAF2-67E2-43C7-923B-9FAF68996B48}.Release|Any CPU.Build.0 = Release|Any CPU
		{B28BCAF2-67E2-43C7-923B-9FAF68996B48}.Release|x64.ActiveCfg = Release|Any CPU
		{B28BCAF2-67E2-43C7-923B-9FAF68996B48}.Release|x64.Build.0 = Release|Any CPU
		{B28BCAF2-67E2-43C7-923B-9FAF68996B48}.Release|x86.ActiveCfg = Release|Any CPU
		{B28BCAF2-67E2-43C7-923B-9FAF68996B48}.Release|x86.Build.0 = Release|Any CPU
		{882A61C1-7A1A-4B8B-BC45-145527E5E7A9}.Debug|Any CPU.ActiveCfg = Debug|Any CPU
		{882A61C1-7A1A-4B8B-BC45-145527E5E7A9}.Debug|Any CPU.Build.0 = Debug|Any CPU
		{882A61C1-7A1A-4B8B-BC45-145527E5E7A9}.Debug|x64.ActiveCfg = Debug|Any CPU
		{882A61C1-7A1A-4B8B-BC45-145527E5E7A9}.Debug|x64.Build.0 = Debug|Any CPU
		{882A61C1-7A1A-4B8B-BC45-145527E5E7A9}.Debug|x86.ActiveCfg = Debug|Any CPU
		{882A61C1-7A1A-4B8B-BC45-145527E5E7A9}.Debug|x86.Build.0 = Debug|Any CPU
		{882A61C1-7A1A-4B8B-BC45-145527E5E7A9}.Release|Any CPU.ActiveCfg = Release|Any CPU
		{882A61C1-7A1A-4B8B-BC45-145527E5E7A9}.Release|Any CPU.Build.0 = Release|Any CPU
		{882A61C1-7A1A-4B8B-BC45-145527E5E7A9}.Release|x64.ActiveCfg = Release|Any CPU
		{882A61C1-7A1A-4B8B-BC45-145527E5E7A9}.Release|x64.Build.0 = Release|Any CPU
		{882A61C1-7A1A-4B8B-BC45-145527E5E7A9}.Release|x86.ActiveCfg = Release|Any CPU
		{882A61C1-7A1A-4B8B-BC45-145527E5E7A9}.Release|x86.Build.0 = Release|Any CPU
		{3437D547-2290-4F6F-9413-B2DC186ECFCB}.Debug|Any CPU.ActiveCfg = Debug|Any CPU
		{3437D547-2290-4F6F-9413-B2DC186ECFCB}.Debug|Any CPU.Build.0 = Debug|Any CPU
		{3437D547-2290-4F6F-9413-B2DC186ECFCB}.Debug|x64.ActiveCfg = Debug|Any CPU
		{3437D547-2290-4F6F-9413-B2DC186ECFCB}.Debug|x64.Build.0 = Debug|Any CPU
		{3437D547-2290-4F6F-9413-B2DC186ECFCB}.Debug|x86.ActiveCfg = Debug|Any CPU
		{3437D547-2290-4F6F-9413-B2DC186ECFCB}.Debug|x86.Build.0 = Debug|Any CPU
		{3437D547-2290-4F6F-9413-B2DC186ECFCB}.Release|Any CPU.ActiveCfg = Release|Any CPU
		{3437D547-2290-4F6F-9413-B2DC186ECFCB}.Release|Any CPU.Build.0 = Release|Any CPU
		{3437D547-2290-4F6F-9413-B2DC186ECFCB}.Release|x64.ActiveCfg = Release|Any CPU
		{3437D547-2290-4F6F-9413-B2DC186ECFCB}.Release|x64.Build.0 = Release|Any CPU
		{3437D547-2290-4F6F-9413-B2DC186ECFCB}.Release|x86.ActiveCfg = Release|Any CPU
		{3437D547-2290-4F6F-9413-B2DC186ECFCB}.Release|x86.Build.0 = Release|Any CPU
		{C3D4E5F6-A7B8-9012-CDEF-123456789012}.Debug|Any CPU.ActiveCfg = Debug|Any CPU
		{C3D4E5F6-A7B8-9012-CDEF-123456789012}.Debug|Any CPU.Build.0 = Debug|Any CPU
		{C3D4E5F6-A7B8-9012-CDEF-123456789012}.Debug|x64.ActiveCfg = Debug|Any CPU
		{C3D4E5F6-A7B8-9012-CDEF-123456789012}.Debug|x64.Build.0 = Debug|Any CPU
		{C3D4E5F6-A7B8-9012-CDEF-123456789012}.Debug|x86.ActiveCfg = Debug|Any CPU
		{C3D4E5F6-A7B8-9012-CDEF-123456789012}.Debug|x86.Build.0 = Debug|Any CPU
		{C3D4E5F6-A7B8-9012-CDEF-123456789012}.Release|Any CPU.ActiveCfg = Release|Any CPU
		{C3D4E5F6-A7B8-9012-CDEF-123456789012}.Release|Any CPU.Build.0 = Release|Any CPU
		{C3D4E5F6-A7B8-9012-CDEF-123456789012}.Release|x64.ActiveCfg = Release|Any CPU
		{C3D4E5F6-A7B8-9012-CDEF-123456789012}.Release|x64.Build.0 = Release|Any CPU
		{C3D4E5F6-A7B8-9012-CDEF-123456789012}.Release|x86.ActiveCfg = Release|Any CPU
		{C3D4E5F6-A7B8-9012-CDEF-123456789012}.Release|x86.Build.0 = Release|Any CPU
		{EFCAEACD-90B0-4A33-85D4-6DED28D5EBC4}.Debug|Any CPU.ActiveCfg = Debug|Any CPU
		{EFCAEACD-90B0-4A33-85D4-6DED28D5EBC4}.Debug|Any CPU.Build.0 = Debug|Any CPU
		{EFCAEACD-90B0-4A33-85D4-6DED28D5EBC4}.Debug|x64.ActiveCfg = Debug|Any CPU
		{EFCAEACD-90B0-4A33-85D4-6DED28D5EBC4}.Debug|x64.Build.0 = Debug|Any CPU
		{EFCAEACD-90B0-4A33-85D4-6DED28D5EBC4}.Debug|x86.ActiveCfg = Debug|Any CPU
		{EFCAEACD-90B0-4A33-85D4-6DED28D5EBC4}.Debug|x86.Build.0 = Debug|Any CPU
		{EFCAEACD-90B0-4A33-85D4-6DED28D5EBC4}.Release|Any CPU.ActiveCfg = Release|Any CPU
		{EFCAEACD-90B0-4A33-85D4-6DED28D5EBC4}.Release|Any CPU.Build.0 = Release|Any CPU
		{EFCAEACD-90B0-4A33-85D4-6DED28D5EBC4}.Release|x64.ActiveCfg = Release|Any CPU
		{EFCAEACD-90B0-4A33-85D4-6DED28D5EBC4}.Release|x64.Build.0 = Release|Any CPU
		{EFCAEACD-90B0-4A33-85D4-6DED28D5EBC4}.Release|x86.ActiveCfg = Release|Any CPU
		{EFCAEACD-90B0-4A33-85D4-6DED28D5EBC4}.Release|x86.Build.0 = Release|Any CPU
		{A1B2C3D4-E5F6-7890-ABCD-EF1234567890}.Debug|Any CPU.ActiveCfg = Debug|Any CPU
		{A1B2C3D4-E5F6-7890-ABCD-EF1234567890}.Debug|Any CPU.Build.0 = Debug|Any CPU
		{A1B2C3D4-E5F6-7890-ABCD-EF1234567890}.Debug|x64.ActiveCfg = Debug|Any CPU
		{A1B2C3D4-E5F6-7890-ABCD-EF1234567890}.Debug|x64.Build.0 = Debug|Any CPU
		{A1B2C3D4-E5F6-7890-ABCD-EF1234567890}.Debug|x86.ActiveCfg = Debug|Any CPU
		{A1B2C3D4-E5F6-7890-ABCD-EF1234567890}.Debug|x86.Build.0 = Debug|Any CPU
		{A1B2C3D4-E5F6-7890-ABCD-EF1234567890}.Release|Any CPU.ActiveCfg = Release|Any CPU
		{A1B2C3D4-E5F6-7890-ABCD-EF1234567890}.Release|Any CPU.Build.0 = Release|Any CPU
		{A1B2C3D4-E5F6-7890-ABCD-EF1234567890}.Release|x64.ActiveCfg = Release|Any CPU
		{A1B2C3D4-E5F6-7890-ABCD-EF1234567890}.Release|x64.Build.0 = Release|Any CPU
		{A1B2C3D4-E5F6-7890-ABCD-EF1234567890}.Release|x86.ActiveCfg = Release|Any CPU
		{A1B2C3D4-E5F6-7890-ABCD-EF1234567890}.Release|x86.Build.0 = Release|Any CPU
		{B2C3D4E5-F6A7-8901-BCDE-F12345678901}.Debug|Any CPU.ActiveCfg = Debug|Any CPU
		{B2C3D4E5-F6A7-8901-BCDE-F12345678901}.Debug|Any CPU.Build.0 = Debug|Any CPU
		{B2C3D4E5-F6A7-8901-BCDE-F12345678901}.Debug|x64.ActiveCfg = Debug|Any CPU
		{B2C3D4E5-F6A7-8901-BCDE-F12345678901}.Debug|x64.Build.0 = Debug|Any CPU
		{B2C3D4E5-F6A7-8901-BCDE-F12345678901}.Debug|x86.ActiveCfg = Debug|Any CPU
		{B2C3D4E5-F6A7-8901-BCDE-F12345678901}.Debug|x86.Build.0 = Debug|Any CPU
		{B2C3D4E5-F6A7-8901-BCDE-F12345678901}.Release|Any CPU.ActiveCfg = Release|Any CPU
		{B2C3D4E5-F6A7-8901-BCDE-F12345678901}.Release|Any CPU.Build.0 = Release|Any CPU
		{B2C3D4E5-F6A7-8901-BCDE-F12345678901}.Release|x64.ActiveCfg = Release|Any CPU
		{B2C3D4E5-F6A7-8901-BCDE-F12345678901}.Release|x64.Build.0 = Release|Any CPU
		{B2C3D4E5-F6A7-8901-BCDE-F12345678901}.Release|x86.ActiveCfg = Release|Any CPU
		{B2C3D4E5-F6A7-8901-BCDE-F12345678901}.Release|x86.Build.0 = Release|Any CPU
		{D4E5F6A7-B8C9-0123-DEF4-234567890123}.Debug|Any CPU.ActiveCfg = Debug|Any CPU
		{D4E5F6A7-B8C9-0123-DEF4-234567890123}.Debug|Any CPU.Build.0 = Debug|Any CPU
		{D4E5F6A7-B8C9-0123-DEF4-234567890123}.Debug|x64.ActiveCfg = Debug|Any CPU
		{D4E5F6A7-B8C9-0123-DEF4-234567890123}.Debug|x64.Build.0 = Debug|Any CPU
		{D4E5F6A7-B8C9-0123-DEF4-234567890123}.Debug|x86.ActiveCfg = Debug|Any CPU
		{D4E5F6A7-B8C9-0123-DEF4-234567890123}.Debug|x86.Build.0 = Debug|Any CPU
		{D4E5F6A7-B8C9-0123-DEF4-234567890123}.Release|Any CPU.ActiveCfg = Release|Any CPU
		{D4E5F6A7-B8C9-0123-DEF4-234567890123}.Release|Any CPU.Build.0 = Release|Any CPU
		{D4E5F6A7-B8C9-0123-DEF4-234567890123}.Release|x64.ActiveCfg = Release|Any CPU
		{D4E5F6A7-B8C9-0123-DEF4-234567890123}.Release|x64.Build.0 = Release|Any CPU
		{D4E5F6A7-B8C9-0123-DEF4-234567890123}.Release|x86.ActiveCfg = Release|Any CPU
		{D4E5F6A7-B8C9-0123-DEF4-234567890123}.Release|x86.Build.0 = Release|Any CPU
		{7E4C5199-1AE0-42BF-A7E1-39EE2CE296B5}.Debug|Any CPU.ActiveCfg = Debug|Any CPU
		{7E4C5199-1AE0-42BF-A7E1-39EE2CE296B5}.Debug|Any CPU.Build.0 = Debug|Any CPU
		{7E4C5199-1AE0-42BF-A7E1-39EE2CE296B5}.Debug|x64.ActiveCfg = Debug|Any CPU
		{7E4C5199-1AE0-42BF-A7E1-39EE2CE296B5}.Debug|x64.Build.0 = Debug|Any CPU
		{7E4C5199-1AE0-42BF-A7E1-39EE2CE296B5}.Debug|x86.ActiveCfg = Debug|Any CPU
		{7E4C5199-1AE0-42BF-A7E1-39EE2CE296B5}.Debug|x86.Build.0 = Debug|Any CPU
		{7E4C5199-1AE0-42BF-A7E1-39EE2CE296B5}.Release|Any CPU.ActiveCfg = Release|Any CPU
		{7E4C5199-1AE0-42BF-A7E1-39EE2CE296B5}.Release|Any CPU.Build.0 = Release|Any CPU
		{7E4C5199-1AE0-42BF-A7E1-39EE2CE296B5}.Release|x64.ActiveCfg = Release|Any CPU
		{7E4C5199-1AE0-42BF-A7E1-39EE2CE296B5}.Release|x64.Build.0 = Release|Any CPU
		{7E4C5199-1AE0-42BF-A7E1-39EE2CE296B5}.Release|x86.ActiveCfg = Release|Any CPU
		{7E4C5199-1AE0-42BF-A7E1-39EE2CE296B5}.Release|x86.Build.0 = Release|Any CPU
		{CE5ABA6D-A5F1-4F0D-A6EC-122F27F22343}.Debug|Any CPU.ActiveCfg = Debug|Any CPU
		{CE5ABA6D-A5F1-4F0D-A6EC-122F27F22343}.Debug|Any CPU.Build.0 = Debug|Any CPU
		{CE5ABA6D-A5F1-4F0D-A6EC-122F27F22343}.Debug|x64.ActiveCfg = Debug|Any CPU
		{CE5ABA6D-A5F1-4F0D-A6EC-122F27F22343}.Debug|x64.Build.0 = Debug|Any CPU
		{CE5ABA6D-A5F1-4F0D-A6EC-122F27F22343}.Debug|x86.ActiveCfg = Debug|Any CPU
		{CE5ABA6D-A5F1-4F0D-A6EC-122F27F22343}.Debug|x86.Build.0 = Debug|Any CPU
		{CE5ABA6D-A5F1-4F0D-A6EC-122F27F22343}.Release|Any CPU.ActiveCfg = Release|Any CPU
		{CE5ABA6D-A5F1-4F0D-A6EC-122F27F22343}.Release|Any CPU.Build.0 = Release|Any CPU
		{CE5ABA6D-A5F1-4F0D-A6EC-122F27F22343}.Release|x64.ActiveCfg = Release|Any CPU
		{CE5ABA6D-A5F1-4F0D-A6EC-122F27F22343}.Release|x64.Build.0 = Release|Any CPU
		{CE5ABA6D-A5F1-4F0D-A6EC-122F27F22343}.Release|x86.ActiveCfg = Release|Any CPU
		{CE5ABA6D-A5F1-4F0D-A6EC-122F27F22343}.Release|x86.Build.0 = Release|Any CPU
	EndGlobalSection
	GlobalSection(SolutionProperties) = preSolution
		HideSolutionNode = FALSE
	EndGlobalSection
	GlobalSection(NestedProjects) = preSolution
		{3234B5CC-24AC-9941-CF06-C7763E3EA7D2} = {827E0CD3-B72D-47B6-A68D-7590B98EB39B}
		{FAA44D37-3BEC-46E6-A4F5-691A7141D8F8} = {3234B5CC-24AC-9941-CF06-C7763E3EA7D2}
		{B28BCAF2-67E2-43C7-923B-9FAF68996B48} = {3234B5CC-24AC-9941-CF06-C7763E3EA7D2}
		{882A61C1-7A1A-4B8B-BC45-145527E5E7A9} = {3234B5CC-24AC-9941-CF06-C7763E3EA7D2}
		{3437D547-2290-4F6F-9413-B2DC186ECFCB} = {3234B5CC-24AC-9941-CF06-C7763E3EA7D2}
		{C3D4E5F6-A7B8-9012-CDEF-123456789012} = {3234B5CC-24AC-9941-CF06-C7763E3EA7D2}
		{EA74A2B9-3D2D-E69E-8C34-9424D0300F9E} = {0AB3BF05-4346-4AA6-1389-037BE0695223}
		{EFCAEACD-90B0-4A33-85D4-6DED28D5EBC4} = {EA74A2B9-3D2D-E69E-8C34-9424D0300F9E}
		{A1B2C3D4-E5F6-7890-ABCD-EF1234567890} = {EA74A2B9-3D2D-E69E-8C34-9424D0300F9E}
		{B2C3D4E5-F6A7-8901-BCDE-F12345678901} = {EA74A2B9-3D2D-E69E-8C34-9424D0300F9E}
		{D4E5F6A7-B8C9-0123-DEF4-234567890123} = {EA74A2B9-3D2D-E69E-8C34-9424D0300F9E}
		{7E4C5199-1AE0-42BF-A7E1-39EE2CE296B5} = {3234B5CC-24AC-9941-CF06-C7763E3EA7D2}
		{CE5ABA6D-A5F1-4F0D-A6EC-122F27F22343} = {EA74A2B9-3D2D-E69E-8C34-9424D0300F9E}
	EndGlobalSection
EndGlobal
